// !$*UTF8*$!
{
	archiveVersion = 1;
	classes = {
	};
	objectVersion = 50;
	objects = {

/* Begin PBXBuildFile section */
		219C43D25117DB5BDC502308 /* Pods_XcodeTest.framework in Frameworks */ = {isa = PBXBuildFile; fileRef = 24A8CDB84D237A5739B1C8E9 /* Pods_XcodeTest.framework */; };
		D9BE3DF0241D637D00E382BB /* AppDelegate.swift in Sources */ = {isa = PBXBuildFile; fileRef = D9BE3DEF241D637D00E382BB /* AppDelegate.swift */; };
		D9BE3DF2241D637D00E382BB /* SceneDelegate.swift in Sources */ = {isa = PBXBuildFile; fileRef = D9BE3DF1241D637D00E382BB /* SceneDelegate.swift */; };
		D9BE3DF5241D637D00E382BB /* XcodeTest.xcdatamodeld in Sources */ = {isa = PBXBuildFile; fileRef = D9BE3DF3241D637D00E382BB /* XcodeTest.xcdatamodeld */; };
		D9BE3DF7241D637D00E382BB /* ContentView.swift in Sources */ = {isa = PBXBuildFile; fileRef = D9BE3DF6241D637D00E382BB /* ContentView.swift */; };
		D9BE3DF9241D637D00E382BB /* Assets.xcassets in Resources */ = {isa = PBXBuildFile; fileRef = D9BE3DF8241D637D00E382BB /* Assets.xcassets */; };
		D9BE3DFC241D637D00E382BB /* Preview Assets.xcassets in Resources */ = {isa = PBXBuildFile; fileRef = D9BE3DFB241D637D00E382BB /* Preview Assets.xcassets */; };
		D9BE3DFF241D637D00E382BB /* LaunchScreen.storyboard in Resources */ = {isa = PBXBuildFile; fileRef = D9BE3DFD241D637D00E382BB /* LaunchScreen.storyboard */; };
		D9BE3E07241D63FD00E382BB /* GoogleService-Info.plist in Resources */ = {isa = PBXBuildFile; fileRef = D9BE3E06241D63FD00E382BB /* GoogleService-Info.plist */; };
/* End PBXBuildFile section */

/* Begin PBXFileReference section */
		20ABA14977D4F2C6F93B0A44 /* Pods-XcodeTest.release.xcconfig */ = {isa = PBXFileReference; includeInIndex = 1; lastKnownFileType = text.xcconfig; name = "Pods-XcodeTest.release.xcconfig"; path = "Target Support Files/Pods-XcodeTest/Pods-XcodeTest.release.xcconfig"; sourceTree = "<group>"; };
		24A8CDB84D237A5739B1C8E9 /* Pods_XcodeTest.framework */ = {isa = PBXFileReference; explicitFileType = wrapper.framework; includeInIndex = 0; path = Pods_XcodeTest.framework; sourceTree = BUILT_PRODUCTS_DIR; };
		6901F64DAA00A813BE42F498 /* Pods-XcodeTest.debug.xcconfig */ = {isa = PBXFileReference; includeInIndex = 1; lastKnownFileType = text.xcconfig; name = "Pods-XcodeTest.debug.xcconfig"; path = "Target Support Files/Pods-XcodeTest/Pods-XcodeTest.debug.xcconfig"; sourceTree = "<group>"; };
		D9BE3DEC241D637D00E382BB /* XcodeTest.app */ = {isa = PBXFileReference; explicitFileType = wrapper.application; includeInIndex = 0; path = XcodeTest.app; sourceTree = BUILT_PRODUCTS_DIR; };
		D9BE3DEF241D637D00E382BB /* AppDelegate.swift */ = {isa = PBXFileReference; lastKnownFileType = sourcecode.swift; path = AppDelegate.swift; sourceTree = "<group>"; };
		D9BE3DF1241D637D00E382BB /* SceneDelegate.swift */ = {isa = PBXFileReference; lastKnownFileType = sourcecode.swift; path = SceneDelegate.swift; sourceTree = "<group>"; };
		D9BE3DF4241D637D00E382BB /* XcodeTest.xcdatamodel */ = {isa = PBXFileReference; lastKnownFileType = wrapper.xcdatamodel; path = XcodeTest.xcdatamodel; sourceTree = "<group>"; };
		D9BE3DF6241D637D00E382BB /* ContentView.swift */ = {isa = PBXFileReference; lastKnownFileType = sourcecode.swift; path = ContentView.swift; sourceTree = "<group>"; };
		D9BE3DF8241D637D00E382BB /* Assets.xcassets */ = {isa = PBXFileReference; lastKnownFileType = folder.assetcatalog; path = Assets.xcassets; sourceTree = "<group>"; };
		D9BE3DFB241D637D00E382BB /* Preview Assets.xcassets */ = {isa = PBXFileReference; lastKnownFileType = folder.assetcatalog; path = "Preview Assets.xcassets"; sourceTree = "<group>"; };
		D9BE3DFE241D637D00E382BB /* Base */ = {isa = PBXFileReference; lastKnownFileType = file.storyboard; name = Base; path = Base.lproj/LaunchScreen.storyboard; sourceTree = "<group>"; };
		D9BE3E00241D637D00E382BB /* Info.plist */ = {isa = PBXFileReference; lastKnownFileType = text.plist.xml; path = Info.plist; sourceTree = "<group>"; };
		D9BE3E06241D63FD00E382BB /* GoogleService-Info.plist */ = {isa = PBXFileReference; fileEncoding = 4; lastKnownFileType = text.plist.xml; path = "GoogleService-Info.plist"; sourceTree = "<group>"; };
/* End PBXFileReference section */

/* Begin PBXFrameworksBuildPhase section */
		D9BE3DE9241D637D00E382BB /* Frameworks */ = {
			isa = PBXFrameworksBuildPhase;
			buildActionMask = 2147483647;
			files = (
				219C43D25117DB5BDC502308 /* Pods_XcodeTest.framework in Frameworks */,
			);
			runOnlyForDeploymentPostprocessing = 0;
		};
/* End PBXFrameworksBuildPhase section */

/* Begin PBXGroup section */
		15381F3601617F437F9BB428 /* Pods */ = {
			isa = PBXGroup;
			children = (
				6901F64DAA00A813BE42F498 /* Pods-XcodeTest.debug.xcconfig */,
				20ABA14977D4F2C6F93B0A44 /* Pods-XcodeTest.release.xcconfig */,
			);
			name = Pods;
			path = Pods;
			sourceTree = "<group>";
		};
		D9BE3DE3241D637D00E382BB = {
			isa = PBXGroup;
			children = (
				D9BE3DEE241D637D00E382BB /* XcodeTest */,
				D9BE3DED241D637D00E382BB /* Products */,
				15381F3601617F437F9BB428 /* Pods */,
				E2E41FA3CE31E2CEA161145E /* Frameworks */,
			);
			sourceTree = "<group>";
		};
		D9BE3DED241D637D00E382BB /* Products */ = {
			isa = PBXGroup;
			children = (
				D9BE3DEC241D637D00E382BB /* XcodeTest.app */,
			);
			name = Products;
			sourceTree = "<group>";
		};
		D9BE3DEE241D637D00E382BB /* XcodeTest */ = {
			isa = PBXGroup;
			children = (
				D9BE3DEF241D637D00E382BB /* AppDelegate.swift */,
				D9BE3DF1241D637D00E382BB /* SceneDelegate.swift */,
				D9BE3DF6241D637D00E382BB /* ContentView.swift */,
				D9BE3DF8241D637D00E382BB /* Assets.xcassets */,
				D9BE3DFD241D637D00E382BB /* LaunchScreen.storyboard */,
				D9BE3E06241D63FD00E382BB /* GoogleService-Info.plist */,
				D9BE3E00241D637D00E382BB /* Info.plist */,
				D9BE3DF3241D637D00E382BB /* XcodeTest.xcdatamodeld */,
				D9BE3DFA241D637D00E382BB /* Preview Content */,
			);
			path = XcodeTest;
			sourceTree = "<group>";
		};
		D9BE3DFA241D637D00E382BB /* Preview Content */ = {
			isa = PBXGroup;
			children = (
				D9BE3DFB241D637D00E382BB /* Preview Assets.xcassets */,
			);
			path = "Preview Content";
			sourceTree = "<group>";
		};
		E2E41FA3CE31E2CEA161145E /* Frameworks */ = {
			isa = PBXGroup;
			children = (
				24A8CDB84D237A5739B1C8E9 /* Pods_XcodeTest.framework */,
			);
			name = Frameworks;
			sourceTree = "<group>";
		};
/* End PBXGroup section */

/* Begin PBXNativeTarget section */
		D9BE3DEB241D637D00E382BB /* XcodeTest */ = {
			isa = PBXNativeTarget;
			buildConfigurationList = D9BE3E03241D637D00E382BB /* Build configuration list for PBXNativeTarget "XcodeTest" */;
			buildPhases = (
				8B5CB131FC37E02B8FD1F6F9 /* [CP] Check Pods Manifest.lock */,
				D9BE3DE8241D637D00E382BB /* Sources */,
				D9BE3DE9241D637D00E382BB /* Frameworks */,
				D9BE3DEA241D637D00E382BB /* Resources */,
				9FC1FAC36782648410E70E08 /* [CP] Embed Pods Frameworks */,
			);
			buildRules = (
			);
			dependencies = (
			);
			name = XcodeTest;
			productName = XcodeTest;
			productReference = D9BE3DEC241D637D00E382BB /* XcodeTest.app */;
			productType = "com.apple.product-type.application";
		};
/* End PBXNativeTarget section */

/* Begin PBXProject section */
		D9BE3DE4241D637D00E382BB /* Project object */ = {
			isa = PBXProject;
			attributes = {
				LastSwiftUpdateCheck = 1130;
				LastUpgradeCheck = 1130;
				ORGANIZATIONNAME = "Skie Design Inc";
				TargetAttributes = {
					D9BE3DEB241D637D00E382BB = {
						CreatedOnToolsVersion = 11.3.1;
					};
				};
			};
			buildConfigurationList = D9BE3DE7241D637D00E382BB /* Build configuration list for PBXProject "XcodeTest" */;
			compatibilityVersion = "Xcode 9.3";
			developmentRegion = en;
			hasScannedForEncodings = 0;
			knownRegions = (
				en,
				Base,
			);
			mainGroup = D9BE3DE3241D637D00E382BB;
			productRefGroup = D9BE3DED241D637D00E382BB /* Products */;
			projectDirPath = "";
			projectRoot = "";
			targets = (
				D9BE3DEB241D637D00E382BB /* XcodeTest */,
			);
		};
/* End PBXProject section */

/* Begin PBXResourcesBuildPhase section */
		D9BE3DEA241D637D00E382BB /* Resources */ = {
			isa = PBXResourcesBuildPhase;
			buildActionMask = 2147483647;
			files = (
				D9BE3DFF241D637D00E382BB /* LaunchScreen.storyboard in Resources */,
				D9BE3E07241D63FD00E382BB /* GoogleService-Info.plist in Resources */,
				D9BE3DFC241D637D00E382BB /* Preview Assets.xcassets in Resources */,
				D9BE3DF9241D637D00E382BB /* Assets.xcassets in Resources */,
			);
			runOnlyForDeploymentPostprocessing = 0;
		};
/* End PBXResourcesBuildPhase section */

/* Begin PBXShellScriptBuildPhase section */
		8B5CB131FC37E02B8FD1F6F9 /* [CP] Check Pods Manifest.lock */ = {
			isa = PBXShellScriptBuildPhase;
			buildActionMask = 2147483647;
			files = (
			);
			inputFileListPaths = (
			);
			inputPaths = (
				"${PODS_PODFILE_DIR_PATH}/Podfile.lock",
				"${PODS_ROOT}/Manifest.lock",
			);
			name = "[CP] Check Pods Manifest.lock";
			outputFileListPaths = (
			);
			outputPaths = (
				"$(DERIVED_FILE_DIR)/Pods-XcodeTest-checkManifestLockResult.txt",
			);
			runOnlyForDeploymentPostprocessing = 0;
			shellPath = /bin/sh;
			shellScript = "diff \"${PODS_PODFILE_DIR_PATH}/Podfile.lock\" \"${PODS_ROOT}/Manifest.lock\" > /dev/null\nif [ $? != 0 ] ; then\n    # print error to STDERR\n    echo \"error: The sandbox is not in sync with the Podfile.lock. Run 'pod install' or update your CocoaPods installation.\" >&2\n    exit 1\nfi\n# This output is used by Xcode 'outputs' to avoid re-running this script phase.\necho \"SUCCESS\" > \"${SCRIPT_OUTPUT_FILE_0}\"\n";
			showEnvVarsInLog = 0;
		};
		9FC1FAC36782648410E70E08 /* [CP] Embed Pods Frameworks */ = {
			isa = PBXShellScriptBuildPhase;
			buildActionMask = 2147483647;
			files = (
			);
			inputFileListPaths = (
				"${PODS_ROOT}/Target Support Files/Pods-XcodeTest/Pods-XcodeTest-frameworks-${CONFIGURATION}-input-files.xcfilelist",
			);
			name = "[CP] Embed Pods Frameworks";
			outputFileListPaths = (
				"${PODS_ROOT}/Target Support Files/Pods-XcodeTest/Pods-XcodeTest-frameworks-${CONFIGURATION}-output-files.xcfilelist",
			);
			runOnlyForDeploymentPostprocessing = 0;
			shellPath = /bin/sh;
			shellScript = "\"${PODS_ROOT}/Target Support Files/Pods-XcodeTest/Pods-XcodeTest-frameworks.sh\"\n";
			showEnvVarsInLog = 0;
		};
/* End PBXShellScriptBuildPhase section */

/* Begin PBXSourcesBuildPhase section */
		D9BE3DE8241D637D00E382BB /* Sources */ = {
			isa = PBXSourcesBuildPhase;
			buildActionMask = 2147483647;
			files = (
				D9BE3DF0241D637D00E382BB /* AppDelegate.swift in Sources */,
				D9BE3DF2241D637D00E382BB /* SceneDelegate.swift in Sources */,
				D9BE3DF7241D637D00E382BB /* ContentView.swift in Sources */,
				D9BE3DF5241D637D00E382BB /* XcodeTest.xcdatamodeld in Sources */,
			);
			runOnlyForDeploymentPostprocessing = 0;
		};
/* End PBXSourcesBuildPhase section */

/* Begin PBXVariantGroup section */
		D9BE3DFD241D637D00E382BB /* LaunchScreen.storyboard */ = {
			isa = PBXVariantGroup;
			children = (
				D9BE3DFE241D637D00E382BB /* Base */,
			);
			name = LaunchScreen.storyboard;
			sourceTree = "<group>";
		};
/* End PBXVariantGroup section */

/* Begin XCBuildConfiguration section */
		D9BE3E01241D637D00E382BB /* Debug */ = {
			isa = XCBuildConfiguration;
			buildSettings = {
				ALWAYS_SEARCH_USER_PATHS = NO;
				CLANG_ANALYZER_NONNULL = YES;
				CLANG_ANALYZER_NUMBER_OBJECT_CONVERSION = YES_AGGRESSIVE;
				CLANG_CXX_LANGUAGE_STANDARD = "gnu++14";
				CLANG_CXX_LIBRARY = "libc++";
				CLANG_ENABLE_MODULES = YES;
				CLANG_ENABLE_OBJC_ARC = YES;
				CLANG_ENABLE_OBJC_WEAK = YES;
				CLANG_WARN_BLOCK_CAPTURE_AUTORELEASING = YES;
				CLANG_WARN_BOOL_CONVERSION = YES;
				CLANG_WARN_COMMA = YES;
				CLANG_WARN_CONSTANT_CONVERSION = YES;
				CLANG_WARN_DEPRECATED_OBJC_IMPLEMENTATIONS = YES;
				CLANG_WARN_DIRECT_OBJC_ISA_USAGE = YES_ERROR;
				CLANG_WARN_DOCUMENTATION_COMMENTS = YES;
				CLANG_WARN_EMPTY_BODY = YES;
				CLANG_WARN_ENUM_CONVERSION = YES;
				CLANG_WARN_INFINITE_RECURSION = YES;
				CLANG_WARN_INT_CONVERSION = YES;
				CLANG_WARN_NON_LITERAL_NULL_CONVERSION = YES;
				CLANG_WARN_OBJC_IMPLICIT_RETAIN_SELF = YES;
				CLANG_WARN_OBJC_LITERAL_CONVERSION = YES;
				CLANG_WARN_OBJC_ROOT_CLASS = YES_ERROR;
				CLANG_WARN_RANGE_LOOP_ANALYSIS = YES;
				CLANG_WARN_STRICT_PROTOTYPES = YES;
				CLANG_WARN_SUSPICIOUS_MOVE = YES;
				CLANG_WARN_UNGUARDED_AVAILABILITY = YES_AGGRESSIVE;
				CLANG_WARN_UNREACHABLE_CODE = YES;
				CLANG_WARN__DUPLICATE_METHOD_MATCH = YES;
				COPY_PHASE_STRIP = NO;
				DEBUG_INFORMATION_FORMAT = dwarf;
				ENABLE_STRICT_OBJC_MSGSEND = YES;
				ENABLE_TESTABILITY = YES;
				GCC_C_LANGUAGE_STANDARD = gnu11;
				GCC_DYNAMIC_NO_PIC = NO;
				GCC_NO_COMMON_BLOCKS = YES;
				GCC_OPTIMIZATION_LEVEL = 0;
				GCC_PREPROCESSOR_DEFINITIONS = (
					"DEBUG=1",
					"$(inherited)",
				);
				GCC_WARN_64_TO_32_BIT_CONVERSION = YES;
				GCC_WARN_ABOUT_RETURN_TYPE = YES_ERROR;
				GCC_WARN_UNDECLARED_SELECTOR = YES;
				GCC_WARN_UNINITIALIZED_AUTOS = YES_AGGRESSIVE;
				GCC_WARN_UNUSED_FUNCTION = YES;
				GCC_WARN_UNUSED_VARIABLE = YES;
				IPHONEOS_DEPLOYMENT_TARGET = 13.2;
				MTL_ENABLE_DEBUG_INFO = INCLUDE_SOURCE;
				MTL_FAST_MATH = YES;
				ONLY_ACTIVE_ARCH = YES;
				SDKROOT = iphoneos;
				SWIFT_ACTIVE_COMPILATION_CONDITIONS = DEBUG;
				SWIFT_OPTIMIZATION_LEVEL = "-Onone";
			};
			name = Debug;
		};
		D9BE3E02241D637D00E382BB /* Release */ = {
			isa = XCBuildConfiguration;
			buildSettings = {
				ALWAYS_SEARCH_USER_PATHS = NO;
				CLANG_ANALYZER_NONNULL = YES;
				CLANG_ANALYZER_NUMBER_OBJECT_CONVERSION = YES_AGGRESSIVE;
				CLANG_CXX_LANGUAGE_STANDARD = "gnu++14";
				CLANG_CXX_LIBRARY = "libc++";
				CLANG_ENABLE_MODULES = YES;
				CLANG_ENABLE_OBJC_ARC = YES;
				CLANG_ENABLE_OBJC_WEAK = YES;
				CLANG_WARN_BLOCK_CAPTURE_AUTORELEASING = YES;
				CLANG_WARN_BOOL_CONVERSION = YES;
				CLANG_WARN_COMMA = YES;
				CLANG_WARN_CONSTANT_CONVERSION = YES;
				CLANG_WARN_DEPRECATED_OBJC_IMPLEMENTATIONS = YES;
				CLANG_WARN_DIRECT_OBJC_ISA_USAGE = YES_ERROR;
				CLANG_WARN_DOCUMENTATION_COMMENTS = YES;
				CLANG_WARN_EMPTY_BODY = YES;
				CLANG_WARN_ENUM_CONVERSION = YES;
				CLANG_WARN_INFINITE_RECURSION = YES;
				CLANG_WARN_INT_CONVERSION = YES;
				CLANG_WARN_NON_LITERAL_NULL_CONVERSION = YES;
				CLANG_WARN_OBJC_IMPLICIT_RETAIN_SELF = YES;
				CLANG_WARN_OBJC_LITERAL_CONVERSION = YES;
				CLANG_WARN_OBJC_ROOT_CLASS = YES_ERROR;
				CLANG_WARN_RANGE_LOOP_ANALYSIS = YES;
				CLANG_WARN_STRICT_PROTOTYPES = YES;
				CLANG_WARN_SUSPICIOUS_MOVE = YES;
				CLANG_WARN_UNGUARDED_AVAILABILITY = YES_AGGRESSIVE;
				CLANG_WARN_UNREACHABLE_CODE = YES;
				CLANG_WARN__DUPLICATE_METHOD_MATCH = YES;
				COPY_PHASE_STRIP = NO;
				DEBUG_INFORMATION_FORMAT = "dwarf-with-dsym";
				ENABLE_NS_ASSERTIONS = NO;
				ENABLE_STRICT_OBJC_MSGSEND = YES;
				GCC_C_LANGUAGE_STANDARD = gnu11;
				GCC_NO_COMMON_BLOCKS = YES;
				GCC_WARN_64_TO_32_BIT_CONVERSION = YES;
				GCC_WARN_ABOUT_RETURN_TYPE = YES_ERROR;
				GCC_WARN_UNDECLARED_SELECTOR = YES;
				GCC_WARN_UNINITIALIZED_AUTOS = YES_AGGRESSIVE;
				GCC_WARN_UNUSED_FUNCTION = YES;
				GCC_WARN_UNUSED_VARIABLE = YES;
				IPHONEOS_DEPLOYMENT_TARGET = 13.2;
				MTL_ENABLE_DEBUG_INFO = NO;
				MTL_FAST_MATH = YES;
				SDKROOT = iphoneos;
				SWIFT_COMPILATION_MODE = wholemodule;
				SWIFT_OPTIMIZATION_LEVEL = "-O";
				VALIDATE_PRODUCT = YES;
			};
			name = Release;
		};
		D9BE3E04241D637D00E382BB /* Debug */ = {
			isa = XCBuildConfiguration;
			baseConfigurationReference = 6901F64DAA00A813BE42F498 /* Pods-XcodeTest.debug.xcconfig */;
			buildSettings = {
				ASSETCATALOG_COMPILER_APPICON_NAME = AppIcon;
				CODE_SIGN_STYLE = Automatic;
				DEVELOPMENT_ASSET_PATHS = "\"XcodeTest/Preview Content\"";
				ENABLE_PREVIEWS = YES;
				INFOPLIST_FILE = XcodeTest/Info.plist;
				LD_RUNPATH_SEARCH_PATHS = (
					"$(inherited)",
					"@executable_path/Frameworks",
				);
				PRODUCT_BUNDLE_IDENTIFIER = com.skiedesign.XcodeTest;
				PRODUCT_NAME = "$(TARGET_NAME)";
				SWIFT_VERSION = 5.0;
				TARGETED_DEVICE_FAMILY = "1,2";
			};
			name = Debug;
		};
		D9BE3E05241D637D00E382BB /* Release */ = {
			isa = XCBuildConfiguration;
			baseConfigurationReference = 20ABA14977D4F2C6F93B0A44 /* Pods-XcodeTest.release.xcconfig */;
			buildSettings = {
				ASSETCATALOG_COMPILER_APPICON_NAME = AppIcon;
				CODE_SIGN_STYLE = Automatic;
				DEVELOPMENT_ASSET_PATHS = "\"XcodeTest/Preview Content\"";
				ENABLE_PREVIEWS = YES;
				INFOPLIST_FILE = XcodeTest/Info.plist;
				LD_RUNPATH_SEARCH_PATHS = (
					"$(inherited)",
					"@executable_path/Frameworks",
				);
				PRODUCT_BUNDLE_IDENTIFIER = com.skiedesign.XcodeTest;
				PRODUCT_NAME = "$(TARGET_NAME)";
				SWIFT_VERSION = 5.0;
				TARGETED_DEVICE_FAMILY = "1,2";
			};
			name = Release;
		};
/* End XCBuildConfiguration section */

/* Begin XCConfigurationList section */
		D9BE3DE7241D637D00E382BB /* Build configuration list for PBXProject "XcodeTest" */ = {
			isa = XCConfigurationList;
			buildConfigurations = (
				D9BE3E01241D637D00E382BB /* Debug */,
				D9BE3E02241D637D00E382BB /* Release */,
			);
			defaultConfigurationIsVisible = 0;
			defaultConfigurationName = Release;
		};
		D9BE3E03241D637D00E382BB /* Build configuration list for PBXNativeTarget "XcodeTest" */ = {
			isa = XCConfigurationList;
			buildConfigurations = (
				D9BE3E04241D637D00E382BB /* Debug */,
				D9BE3E05241D637D00E382BB /* Release */,
			);
			defaultConfigurationIsVisible = 0;
			defaultConfigurationName = Release;
		};
/* End XCConfigurationList section */

/* Begin XCVersionGroup section */
		D9BE3DF3241D637D00E382BB /* XcodeTest.xcdatamodeld */ = {
			isa = XCVersionGroup;
			children = (
				D9BE3DF4241D637D00E382BB /* XcodeTest.xcdatamodel */,
			);
			currentVersion = D9BE3DF4241D637D00E382BB /* XcodeTest.xcdatamodel */;
			path = XcodeTest.xcdatamodeld;
			sourceTree = "<group>";
			versionGroupType = wrapper.xcdatamodel;
		};
/* End XCVersionGroup section */
	};
	rootObject = D9BE3DE4241D637D00E382BB /* Project object */;
}
